{"SurveyEntry":{"SurveyID":"SV_2u7Q01BPgSaXUSG","SurveyName":"Pre-Study Survey (V1, 18\/08\/26)","SurveyDescription":null,"SurveyOwnerID":"UR_295ekX03XIdGHvU","SurveyBrandID":"imperial","DivisionID":"DV_0D6HXYum7ZFpUu9","SurveyLanguage":"EN","SurveyActiveResponseSet":"RS_a9RjtFhcBUNswYK","SurveyStatus":"Inactive","SurveyStartDate":"0000-00-00 00:00:00","SurveyExpirationDate":"0000-00-00 00:00:00","SurveyCreationDate":"2026-07-09 06:08:47","CreatorID":"UR_295ekX03XIdGHvU","LastModified":"2026-08-21 05:44:55","LastAccessed":"0000-00-00 00:00:00","LastActivated":"0000-00-00 00:00:00","Deleted":null},"SurveyElements":[{"SurveyID":"SV_2u7Q01BPgSaXUSG","Element":"BL","PrimaryAttribute":"Survey Blocks","SecondaryAttribute":null,"TertiaryAttribute":null,"Payload":[{"Type":"Default","Description":"Block 1: Demographics","ID":"BL_3l4t0qm3LQPHl30","BlockElements":[{"Type":"Question","QuestionID":"QID1"},{"Type":"Question","QuestionID":"QID2"},{"Type":"Question","QuestionID":"QID3"},{"Type":"Question","QuestionID":"QID4"},{"Type":"Question","QuestionID":"QID5"},{"Type":"Question","QuestionID":"QID6"}]},{"Type":"Trash","Description":"Trash \/ Unused Questions","ID":"BL_8kTCrqbYiuBwauG","BlockElements":[]},{"Type":"Standard","SubType":"","Description":"Block 2: Prior Experience with Robots","ID":"BL_b9MtwPX1dBjHxSm","Options":{"BlockLocking":"false","RandomizeQuestions":"false","BlockVisibility":"Expanded"},"BlockElements":[{"Type":"Question","QuestionID":"QID7"},{"Type":"Question","QuestionID":"QID8"},{"Type":"Question","QuestionID":"QID9"},{"Type":"Question","QuestionID":"QID11"}]},{"Type":"Standard","SubType":"","Description":"Block 3: Personal Values","ID":"BL_cN0U0z9mUoiQQGG","BlockElements":[{"Type":"Question","QuestionID":"QID10"},{"Type":"Question","QuestionID":"QID12"},{"Type":"Question","QuestionID":"QID13"}]}]},{"SurveyID":"SV_2u7Q01BPgSaXUSG","Element":"FL","PrimaryAttribute":"Survey Flow","SecondaryAttribute":null,"TertiaryAttribute":null,"Payload":{"Flow":[{"ID":"BL_3l4t0qm3LQPHl30","Type":"Block","FlowID":"FL_2"},{"ID":"BL_b9MtwPX1dBjHxSm","Type":"Standard","FlowID":"FL_3"},{"ID":"BL_cN0U0z9mUoiQQGG","Type":"Standard","FlowID":"FL_4"}],"Properties":{"Count":4},"FlowID":"FL_1","Type":"Root"}},{"SurveyID":"SV_2u7Q01BPgSaXUSG","Element":"PL","PrimaryAttribute":"Preview Link","SecondaryAttribute":null,"TertiaryAttribute":null,"Payload":{"PreviewType":"Brand","PreviewID":"a4dcbd42-0c27-4737-8f22-fe42b472c31e"}},{"SurveyID":"SV_2u7Q01BPgSaXUSG","Element":"PROJ","PrimaryAttribute":"CORE","SecondaryAttribute":null,"TertiaryAttribute":"1.1.0","Payload":{"ProjectCategory":"CORE","SchemaVersion":"1.1.0"}},{"SurveyID":"SV_2u7Q01BPgSaXUSG","Element":"QC","PrimaryAttribute":"Survey Question Count","SecondaryAttribute":"13","TertiaryAttribute":null,"Payload":null},{"SurveyID":"SV_2u7Q01BPgSaXUSG","Element":"RS","PrimaryAttribute":"RS_a9RjtFhcBUNswYK","SecondaryAttribute":"Default Response Set","TertiaryAttribute":null,"Payload":null},{"SurveyID":"SV_2u7Q01BPgSaXUSG","Element":"SCO","PrimaryAttribute":"Scoring","SecondaryAttribute":null,"TertiaryAttribute":null,"Payload":{"ScoringCategories":[],"ScoringCategoryGroups":[],"ScoringSummaryCategory":null,"ScoringSummaryAfterQuestions":0,"ScoringSummaryAfterSurvey":0,"DefaultScoringCategory":null,"AutoScoringCategory":null}},{"SurveyID":"SV_2u7Q01BPgSaXUSG","Element":"SO","PrimaryAttribute":"Survey Options","SecondaryAttribute":null,"TertiaryAttribute":null,"Payload":{"BackButton":"false","SaveAndContinue":"true","SurveyProtection":"PublicSurvey","BallotBoxStuffingPrevention":"false","NoIndex":"Yes","SecureResponseFiles":"true","SurveyExpiration":"None","SurveyTermination":"DisplayMessage","Header":"Pre-Study Survey, V1 21\/08\/26","Footer":"","ProgressBarDisplay":"None","PartialData":"+1 week","ValidationMessage":null,"PreviousButton":"","NextButton":"","SurveyTitle":"Qualtrics Survey | Qualtrics Experience Management","SkinLibrary":"imperial","SkinType":"component","Skin":{"brandingId":"7219326084","templateId":"*simple","overrides":null},"NewScoring":1,"SurveyMetaDescription":"The most powerful, simple and trusted way to gather experience data. Start your journey to experience management and try a free account today.","SurveyName":"Pre-Study Survey (V1, 18\/08\/26)","EOSMessage":"MS_8unAHV7LyRqjJzg","ShowExportTags":"false","CollectGeoLocation":"false","PasswordProtection":"No","AnonymizeResponse":"No","RefererCheck":"No","BallotBoxStuffingPreventionBehavior":null,"BallotBoxStuffingPreventionMessage":null,"BallotBoxStuffingPreventionMessageLibrary":null,"BallotBoxStuffingPreventionURL":null,"RecaptchaV3":"false","ConfirmStart":false,"AutoConfirmStart":false,"RelevantID":"false","RelevantIDLockoutPeriod":"+30 days","UseCustomSurveyLinkCompletedMessage":null,"SurveyLinkCompletedMessage":null,"SurveyLinkCompletedMessageLibrary":null,"ResponseSummary":"No","EOSMessageLibrary":"UR_295ekX03XIdGHvU","EOSRedirectURL":null,"EmailThankYou":"false","ThankYouEmailMessageLibrary":null,"ThankYouEmailMessage":null,"ValidateMessage":"false","ValidationMessageLibrary":null,"InactiveSurvey":null,"PartialDeletion":null,"PartialDataCloseAfter":"LastActivity","InactiveMessageLibrary":null,"InactiveMessage":null,"AvailableLanguages":{"EN":[]}}},{"SurveyID":"SV_2u7Q01BPgSaXUSG","Element":"SQ","PrimaryAttribute":"QID1","SecondaryAttribute":"What is your age?","TertiaryAttribute":null,"Payload":{"QuestionText":"What is your age?","DefaultChoices":false,"DataExportTag":"Q1","QuestionID":"QID1","QuestionType":"MC","Selector":"SAVR","SubSelector":"TX","DataVisibility":{"Private":false,"Hidden":false},"Configuration":{"QuestionDescriptionOption":"UseText"},"QuestionDescription":"What is your age?","Choices":{"4":{"Display":"18-20"},"5":{"Display":"21-24"},"6":{"Display":"25+"}},"ChoiceOrder":["4","5","6"],"Validation":{"Settings":{"ForceResponse":"OFF","Type":"None"}},"GradingData":[],"Language":[],"NextChoiceId":4,"NextAnswerId":1}},{"SurveyID":"SV_2u7Q01BPgSaXUSG","Element":"SQ","PrimaryAttribute":"QID10","SecondaryAttribute":"How important is it to you to personally to have \u2026 (from 1 = of utmost importance to 5 = of very..","TertiaryAttribute":null,"Payload":{"QuestionText":"How important is it to you to personally to have \u2026 (from 1 = of utmost importance to 5 = of very little importance)","DefaultChoices":false,"DataExportTag":"Q10","QuestionID":"QID10","QuestionType":"Matrix","Selector":"Likert","SubSelector":"SingleAnswer","DataVisibility":{"Private":false,"Hidden":false},"Configuration":{"QuestionDescriptionOption":"UseText","TextPosition":"inline","Autoscale":{"XScale":{"Name":"importance","Type":"likert","Reverse":false}},"ChoiceColumnWidth":25,"RepeatHeaders":"none","WhiteSpace":"OFF","MobileFirst":true},"QuestionDescription":"How important is it to you to personally to have \u2026 (from 1 = of utmost importance to 5 = of very...","Choices":{"1":{"Display":"Sufficient time for your personal or family life."},"2":{"Display":"Good physical working conditions (good ventilation and lighting, adequate workspace, etc.)"},"3":{"Display":"A good working relationship with your direct superior."},"4":{"Display":"Security of employment."}},"ChoiceOrder":[1,2,3,4],"Validation":{"Settings":{"ForceResponse":"OFF","Type":"None"}},"GradingData":[],"Language":[],"NextChoiceId":15,"NextAnswerId":14,"Answers":{"1":{"Display":"Not at all important"},"2":{"Display":"Slightly important"},"3":{"Display":"Moderately important"},"4":{"Display":"Very important"},"5":{"Display":"Extremely important"}},"AnswerOrder":["1","2","3","4","5"],"ChoiceDataExportTags":false}},{"SurveyID":"SV_2u7Q01BPgSaXUSG","Element":"SQ","PrimaryAttribute":"QID11","SecondaryAttribute":"Robot familiarity scale (from 1 = strongly disagree to 7 = strongly agree)","TertiaryAttribute":null,"Payload":{"QuestionText":"Robot familiarity scale (from 1 = strongly disagree to 7 = strongly agree)","DefaultChoices":false,"DataExportTag":"Q11","QuestionID":"QID11","QuestionType":"Matrix","Selector":"Likert","SubSelector":"SingleAnswer","DataVisibility":{"Private":false,"Hidden":false},"Configuration":{"QuestionDescriptionOption":"UseText","TextPosition":"inline","Autoscale":{"XScale":{"Name":"agreeDisagree","Type":"likert","Reverse":false}},"ChoiceColumnWidth":25,"RepeatHeaders":"none","WhiteSpace":"OFF","MobileFirst":true},"QuestionDescription":"Robot familiarity scale (from 1 = strongly disagree to 7 = strongly agree)","Choices":{"1":{"Display":"I feel I know a lot about how robots work."},"2":{"Display":"I am comfortable around robots."},"3":{"Display":"Robots are a familiar part of my everyday life."}},"ChoiceOrder":["1","2","3"],"Validation":{"Settings":{"ForceResponse":"OFF","Type":"None"}},"GradingData":[],"Language":[],"NextChoiceId":14,"NextAnswerId":12,"Answers":{"1":{"Display":"Strongly disagree"},"2":{"Display":"Somewhat disagree"},"3":{"Display":"Neither agree nor disagree"},"4":{"Display":"Somewhat agree"},"5":{"Display":"Strongly agree"}},"AnswerOrder":["1","2","3","4","5"],"ChoiceDataExportTags":false}},{"SurveyID":"SV_2u7Q01BPgSaXUSG","Element":"SQ","PrimaryAttribute":"QID12","SecondaryAttribute":"In your personal experience, how frequently \u2026 (from 1 = always to 5 = never)","TertiaryAttribute":null,"Payload":{"QuestionText":"In your personal experience, how frequently \u2026 (from 1 = always to 5 = never)","DefaultChoices":false,"DataExportTag":"Q12","QuestionID":"QID12","QuestionType":"Matrix","Selector":"Likert","SubSelector":"SingleAnswer","DataVisibility":{"Private":false,"Hidden":false},"Configuration":{"QuestionDescriptionOption":"UseText","TextPosition":"inline","Autoscale":{"XScale":{"Name":"neverAlways","Type":"likert","Reverse":true}},"ChoiceColumnWidth":25,"RepeatHeaders":"none","WhiteSpace":"OFF","MobileFirst":true},"QuestionDescription":"In your personal experience, how frequently \u2026 (from 1 = always to 5 = never)","Choices":{"1":{"Display":"Are you afraid to disagree with your manager?"},"2":{"Display":"Do your personal views on organizational decisions get taken into account?"}},"ChoiceOrder":[1,2],"Validation":{"Settings":{"ForceResponse":"OFF","Type":"None"}},"GradingData":[],"Language":[],"NextChoiceId":13,"NextAnswerId":10,"Answers":{"1":{"Display":"Always"},"2":{"Display":"Most of the time"},"3":{"Display":"About half the time"},"4":{"Display":"Sometimes"},"5":{"Display":"Never"}},"AnswerOrder":["1","2","3","4","5"],"ChoiceDataExportTags":false}},{"SurveyID":"SV_2u7Q01BPgSaXUSG","Element":"SQ","PrimaryAttribute":"QID13","SecondaryAttribute":"To what extent to you agree with the following statements? (from 1 = strongly agree to 5 = strong...","TertiaryAttribute":null,"Payload":{"QuestionText":"To what extent to you agree with the following statements? (from 1 = strongly agree to 5 = strongly disagree)","DefaultChoices":false,"DataExportTag":"Q13","QuestionID":"QID13","QuestionType":"Matrix","Selector":"Likert","SubSelector":"SingleAnswer","DataVisibility":{"Private":false,"Hidden":false},"Configuration":{"QuestionDescriptionOption":"UseText","TextPosition":"inline","Autoscale":{"XScale":{"Name":"agreeDisagree","Type":"likert","Reverse":true}},"ChoiceColumnWidth":25,"RepeatHeaders":"none","WhiteSpace":"OFF","MobileFirst":true},"QuestionDescription":"To what extent to you agree with the following statements? (from 1 = strongly agree to 5 = strong...","Choices":{"1":{"Display":"A company\u2019s or organisations rules should not be broken, even when the employee thinks it is in the company\u2019s best interest."},"2":{"Display":"Most people can be trusted."}},"ChoiceOrder":[1,2],"Validation":{"Settings":{"ForceResponse":"OFF","Type":"None"}},"GradingData":[],"Language":[],"NextChoiceId":13,"NextAnswerId":10,"Answers":{"1":{"Display":"Strongly agree"},"2":{"Display":"Somewhat agree"},"3":{"Display":"Neither agree nor disagree"},"4":{"Display":"Somewhat disagree"},"5":{"Display":"Strongly disagree"}},"AnswerOrder":["1","2","3","4","5"],"ChoiceDataExportTags":false}},{"SurveyID":"SV_2u7Q01BPgSaXUSG","Element":"SQ","PrimaryAttribute":"QID2","SecondaryAttribute":"What is your gender?","TertiaryAttribute":null,"Payload":{"QuestionText":"What is your gender?","DefaultChoices":false,"DataExportTag":"Q2","QuestionType":"MC","Selector":"SAVR","SubSelector":"TX","DataVisibility":{"Private":false,"Hidden":false},"Configuration":{"QuestionDescriptionOption":"UseText","Autoscale":{"YScale":{"Name":"maleFemale","Type":"likert","Reverse":false}}},"QuestionDescription":"What is your gender?","Choices":{"1":{"Display":"Male"},"2":{"Display":"Female"},"3":{"Display":"Non-binary"},"4":{"Display":"Prefer not to say"}},"ChoiceOrder":["1","2","3","4"],"Validation":{"Settings":{"ForceResponse":"OFF","Type":"None"}},"GradingData":[],"Language":[],"NextChoiceId":5,"NextAnswerId":1,"QuestionID":"QID2"}},{"SurveyID":"SV_2u7Q01BPgSaXUSG","Element":"SQ","PrimaryAttribute":"QID3","SecondaryAttribute":"What is your nationality?","TertiaryAttribute":null,"Payload":{"QuestionText":"What is your nationality?","DefaultChoices":false,"DataExportTag":"Q3","QuestionType":"MC","Selector":"SAVR","SubSelector":"TX","DataVisibility":{"Private":false,"Hidden":false},"Configuration":{"QuestionDescriptionOption":"UseText"},"QuestionDescription":"What is your nationality?","Choices":{"1":{"Display":"Saudi Arabian"},"2":{"Display":"British"}},"ChoiceOrder":[1,2],"Validation":{"Settings":{"ForceResponse":"OFF","Type":"None"}},"GradingData":[],"Language":[],"NextChoiceId":3,"NextAnswerId":1,"QuestionID":"QID3"}},{"SurveyID":"SV_2u7Q01BPgSaXUSG","Element":"SQ","PrimaryAttribute":"QID4","SecondaryAttribute":"What country did you grow up (spend the majority of your life till age 18) in?","TertiaryAttribute":null,"Payload":{"QuestionText":"What country did you grow up (spend the majority of your life till age 18) in?","DefaultChoices":false,"DataExportTag":"Q4","QuestionType":"MC","Selector":"SAVR","SubSelector":"TX","DataVisibility":{"Private":false,"Hidden":false},"Configuration":{"QuestionDescriptionOption":"UseText"},"QuestionDescription":"What country did you grow up (spend the majority of your life till age 18) in?","Choices":{"1":{"Display":"Saudi Arabia"},"2":{"Display":"United Kingdom"}},"ChoiceOrder":[1,2],"Validation":{"Settings":{"ForceResponse":"OFF","Type":"None"}},"GradingData":[],"Language":[],"NextChoiceId":3,"NextAnswerId":1,"QuestionID":"QID4"}},{"SurveyID":"SV_2u7Q01BPgSaXUSG","Element":"SQ","PrimaryAttribute":"QID5","SecondaryAttribute":"How strongly do you identify with the culture of the country you grew up in?","TertiaryAttribute":null,"Payload":{"QuestionText":"How strongly do you identify with the culture of the country you grew up in?","DefaultChoices":false,"DataExportTag":"Q5","QuestionID":"QID5","QuestionType":"Slider","Selector":"NumberScale","DataVisibility":{"Private":false,"Hidden":false},"Configuration":{"QuestionDescriptionOption":"UseText","TextPosition":"above","CSSliderMin":0,"CSSliderMax":100,"GridLines":10,"NumDecimals":"0","ShowValue":true,"ShowStatements":true,"StartingValue":1,"NumScalePoints":7,"MobileFirst":false},"QuestionDescription":"How strongly do you identify with the culture of the country you grew up in?","Choices":{"1":{"Display":"From  1 = not at all  to  7 = very strongly"}},"ChoiceOrder":[1],"Validation":{"Settings":{"ForceResponse":"OFF","Type":"None"}},"GradingData":[],"Language":[],"NextChoiceId":2,"NextAnswerId":1,"Labels":[],"ChoiceDataExportTags":false}},{"SurveyID":"SV_2u7Q01BPgSaXUSG","Element":"SQ","PrimaryAttribute":"QID6","SecondaryAttribute":"What is the highest level of education you have completed (or are completing)?","TertiaryAttribute":null,"Payload":{"QuestionText":"What is the highest level of education you have completed (or are completing)?","DefaultChoices":false,"DataExportTag":"Q6","QuestionType":"MC","Selector":"SAVR","SubSelector":"TX","DataVisibility":{"Private":false,"Hidden":false},"Configuration":{"QuestionDescriptionOption":"UseText"},"QuestionDescription":"What is the highest level of education you have completed (or are completing)?","Choices":{"1":{"Display":"Undergraduate degree"},"2":{"Display":"Graduate degree"},"3":{"Display":"Doctoral degree"}},"ChoiceOrder":["1","2","3"],"Validation":{"Settings":{"ForceResponse":"OFF","Type":"None"}},"GradingData":[],"Language":[],"NextChoiceId":4,"NextAnswerId":1,"QuestionID":"QID6"}},{"SurveyID":"SV_2u7Q01BPgSaXUSG","Element":"SQ","PrimaryAttribute":"QID7","SecondaryAttribute":"Have you ever interacted with a robot in person?\u00a0 Robot means any physical machine that moves or...","TertiaryAttribute":null,"Payload":{"QuestionText":"Have you ever interacted with a robot in person?&nbsp;<br>Robot means any physical machine that moves or acts semi-autonomously, does not include chatbots or assistants like Siri and Alexa&nbsp;<br>","DefaultChoices":false,"DataExportTag":"Q7","QuestionType":"MC","Selector":"SAVR","SubSelector":"TX","DataVisibility":{"Private":false,"Hidden":false},"Configuration":{"QuestionDescriptionOption":"UseText"},"QuestionDescription":"Have you ever interacted with a robot in person?\u00a0 Robot means any physical machine that moves or...","Choices":{"1":{"Display":"Yes"},"2":{"Display":"No"},"3":{"Display":"Unsure"}},"ChoiceOrder":[1,2,3],"Validation":{"Settings":{"ForceResponse":"OFF","Type":"None"}},"GradingData":[],"Language":[],"NextChoiceId":4,"NextAnswerId":1,"QuestionID":"QID7"}},{"SurveyID":"SV_2u7Q01BPgSaXUSG","Element":"SQ","PrimaryAttribute":"QID8","SecondaryAttribute":"If yes, in what context(s) have you interacted with a robot? (select all that apply)","TertiaryAttribute":null,"Payload":{"QuestionText":"If yes, in what context(s) have you interacted with a robot? (select all that apply)","DefaultChoices":false,"DataExportTag":"Q8","QuestionType":"MC","Selector":"MAVR","SubSelector":"TX","DataVisibility":{"Private":false,"Hidden":false},"Configuration":{"QuestionDescriptionOption":"UseText"},"QuestionDescription":"If yes, in what context(s) have you interacted with a robot? (select all that apply)","Choices":{"1":{"Display":"At work or in a professional setting"},"2":{"Display":"In a research or laboratory setting"},"3":{"Display":"In a public space"},"4":{"Display":"At home"},"5":{"Display":"At a museum, exhibition, or event"},"6":{"Display":"During education or training"},"7":{"Display":"Not applicable - I have not interacted with a robot"}},"ChoiceOrder":[1,2,3,4,5,6,7],"Validation":{"Settings":{"ForceResponse":"OFF","Type":"None"}},"GradingData":[],"Language":[],"NextChoiceId":8,"NextAnswerId":1,"QuestionID":"QID8"}},{"SurveyID":"SV_2u7Q01BPgSaXUSG","Element":"SQ","PrimaryAttribute":"QID9","SecondaryAttribute":"How often have you interacted with a robot?","TertiaryAttribute":null,"Payload":{"QuestionText":"How often have you interacted with a robot?","DefaultChoices":false,"DataExportTag":"Q9","QuestionType":"MC","Selector":"SAVR","SubSelector":"TX","DataVisibility":{"Private":false,"Hidden":false},"Configuration":{"QuestionDescriptionOption":"UseText"},"QuestionDescription":"How often have you interacted with a robot?","Choices":{"1":{"Display":"Never"},"2":{"Display":"Once or twice"},"3":{"Display":"A few times (3-5)"},"4":{"Display":"Several times (6-10)"},"5":{"Display":"Many times (more than 10)"},"6":{"Display":"Regularly as part of my work or daily life"}},"ChoiceOrder":[1,2,3,4,5,6],"Validation":{"Settings":{"ForceResponse":"OFF","Type":"None"}},"GradingData":[],"Language":[],"NextChoiceId":7,"NextAnswerId":1,"QuestionID":"QID9"}},{"SurveyID":"SV_2u7Q01BPgSaXUSG","Element":"STAT","PrimaryAttribute":"Survey Statistics","SecondaryAttribute":null,"TertiaryAttribute":null,"Payload":{"MobileCompatible":true,"ID":"Survey Statistics"}}]}